
Microsoft Visual Studio Solution File, Format Version 12.00
# Visual Studio 15
VisualStudioVersion = 15.0.25807.0
MinimumVisualStudioVersion = 10.0.40219.1
Project("{2150E333-8FDC-42A3-9474-1A3956D46DE8}") = "Engine", "Engine", "{93CB13A7-EDDE-4C7F-AB11-255D4B132505}"
EndProject
Project("{2150E333-8FDC-42A3-9474-1A3956D46DE8}") = "Games", "Games", "{CA194DEA-F7C3-48FB-A4AC-8FB5D8626539}"
EndProject
Project("{8BC9CEB8-8B4A-11D0-8D11-00A0C91BC942}") = "UE4", "Intermediate\ProjectFiles\UE4.vcxproj", "{90080533-A0D0-4BD9-BF75-50DDFD5F3CF4}"
EndProject
Project("{8BC9CEB8-8B4A-11D0-8D11-00A0C91BC942}") = "Tank", "Intermediate\ProjectFiles\Tank.vcxproj", "{1ED69413-9296-48AE-965B-2E5E2C72543E}"
EndProject
Global
	GlobalSection(SolutionConfigurationPlatforms) = preSolution
		DebugGame Editor|Android = DebugGame Editor|Android
		DebugGame Editor|HTML5 = DebugGame Editor|HTML5
		DebugGame Editor|Win32 = DebugGame Editor|Win32
		DebugGame Editor|Win64 = DebugGame Editor|Win64
		DebugGame|Android = DebugGame|Android
		DebugGame|HTML5 = DebugGame|HTML5
		DebugGame|Win32 = DebugGame|Win32
		DebugGame|Win64 = DebugGame|Win64
		Development Editor|Android = Development Editor|Android
		Development Editor|HTML5 = Development Editor|HTML5
		Development Editor|Win32 = Development Editor|Win32
		Development Editor|Win64 = Development Editor|Win64
		Development|Android = Development|Android
		Development|HTML5 = Development|HTML5
		Development|Win32 = Development|Win32
		Development|Win64 = Development|Win64
		Shipping|Android = Shipping|Android
		Shipping|HTML5 = Shipping|HTML5
		Shipping|Win32 = Shipping|Win32
		Shipping|Win64 = Shipping|Win64
	EndGlobalSection
	GlobalSection(ProjectConfigurationPlatforms) = postSolution
		{90080533-A0D0-4BD9-BF75-50DDFD5F3CF4}.DebugGame Editor|Android.ActiveCfg = BuiltWithUnrealBuildTool|Win32
		{90080533-A0D0-4BD9-BF75-50DDFD5F3CF4}.DebugGame Editor|Android.Build.0 = BuiltWithUnrealBuildTool|Win32
		{90080533-A0D0-4BD9-BF75-50DDFD5F3CF4}.DebugGame Editor|HTML5.ActiveCfg = BuiltWithUnrealBuildTool|Win32
		{90080533-A0D0-4BD9-BF75-50DDFD5F3CF4}.DebugGame Editor|HTML5.Build.0 = BuiltWithUnrealBuildTool|Win32
		{90080533-A0D0-4BD9-BF75-50DDFD5F3CF4}.DebugGame Editor|Win32.ActiveCfg = BuiltWithUnrealBuildTool|Win32
		{90080533-A0D0-4BD9-BF75-50DDFD5F3CF4}.DebugGame Editor|Win32.Build.0 = BuiltWithUnrealBuildTool|Win32
		{90080533-A0D0-4BD9-BF75-50DDFD5F3CF4}.DebugGame Editor|Win64.ActiveCfg = BuiltWithUnrealBuildTool|Win32
		{90080533-A0D0-4BD9-BF75-50DDFD5F3CF4}.DebugGame Editor|Win64.Build.0 = BuiltWithUnrealBuildTool|Win32
		{90080533-A0D0-4BD9-BF75-50DDFD5F3CF4}.DebugGame|Android.ActiveCfg = BuiltWithUnrealBuildTool|Win32
		{90080533-A0D0-4BD9-BF75-50DDFD5F3CF4}.DebugGame|Android.Build.0 = BuiltWithUnrealBuildTool|Win32
		{90080533-A0D0-4BD9-BF75-50DDFD5F3CF4}.DebugGame|HTML5.ActiveCfg = BuiltWithUnrealBuildTool|Win32
		{90080533-A0D0-4BD9-BF75-50DDFD5F3CF4}.DebugGame|HTML5.Build.0 = BuiltWithUnrealBuildTool|Win32
		{90080533-A0D0-4BD9-BF75-50DDFD5F3CF4}.DebugGame|Win32.ActiveCfg = BuiltWithUnrealBuildTool|Win32
		{90080533-A0D0-4BD9-BF75-50DDFD5F3CF4}.DebugGame|Win32.Build.0 = BuiltWithUnrealBuildTool|Win32
		{90080533-A0D0-4BD9-BF75-50DDFD5F3CF4}.DebugGame|Win64.ActiveCfg = BuiltWithUnrealBuildTool|Win32
		{90080533-A0D0-4BD9-BF75-50DDFD5F3CF4}.DebugGame|Win64.Build.0 = BuiltWithUnrealBuildTool|Win32
		{90080533-A0D0-4BD9-BF75-50DDFD5F3CF4}.Development Editor|Android.ActiveCfg = BuiltWithUnrealBuildTool|Win32
		{90080533-A0D0-4BD9-BF75-50DDFD5F3CF4}.Development Editor|Android.Build.0 = BuiltWithUnrealBuildTool|Win32
		{90080533-A0D0-4BD9-BF75-50DDFD5F3CF4}.Development Editor|HTML5.ActiveCfg = BuiltWithUnrealBuildTool|Win32
		{90080533-A0D0-4BD9-BF75-50DDFD5F3CF4}.Development Editor|HTML5.Build.0 = BuiltWithUnrealBuildTool|Win32
		{90080533-A0D0-4BD9-BF75-50DDFD5F3CF4}.Development Editor|Win32.ActiveCfg = BuiltWithUnrealBuildTool|Win32
		{90080533-A0D0-4BD9-BF75-50DDFD5F3CF4}.Development Editor|Win32.Build.0 = BuiltWithUnrealBuildTool|Win32
		{90080533-A0D0-4BD9-BF75-50DDFD5F3CF4}.Development Editor|Win64.ActiveCfg = BuiltWithUnrealBuildTool|Win32
		{90080533-A0D0-4BD9-BF75-50DDFD5F3CF4}.Development Editor|Win64.Build.0 = BuiltWithUnrealBuildTool|Win32
		{90080533-A0D0-4BD9-BF75-50DDFD5F3CF4}.Development|Android.ActiveCfg = BuiltWithUnrealBuildTool|Win32
		{90080533-A0D0-4BD9-BF75-50DDFD5F3CF4}.Development|Android.Build.0 = BuiltWithUnrealBuildTool|Win32
		{90080533-A0D0-4BD9-BF75-50DDFD5F3CF4}.Development|HTML5.ActiveCfg = BuiltWithUnrealBuildTool|Win32
		{90080533-A0D0-4BD9-BF75-50DDFD5F3CF4}.Development|HTML5.Build.0 = BuiltWithUnrealBuildTool|Win32
		{90080533-A0D0-4BD9-BF75-50DDFD5F3CF4}.Development|Win32.ActiveCfg = BuiltWithUnrealBuildTool|Win32
		{90080533-A0D0-4BD9-BF75-50DDFD5F3CF4}.Development|Win32.Build.0 = BuiltWithUnrealBuildTool|Win32
		{90080533-A0D0-4BD9-BF75-50DDFD5F3CF4}.Development|Win64.ActiveCfg = BuiltWithUnrealBuildTool|Win32
		{90080533-A0D0-4BD9-BF75-50DDFD5F3CF4}.Development|Win64.Build.0 = BuiltWithUnrealBuildTool|Win32
		{90080533-A0D0-4BD9-BF75-50DDFD5F3CF4}.Shipping|Android.ActiveCfg = BuiltWithUnrealBuildTool|Win32
		{90080533-A0D0-4BD9-BF75-50DDFD5F3CF4}.Shipping|Android.Build.0 = BuiltWithUnrealBuildTool|Win32
		{90080533-A0D0-4BD9-BF75-50DDFD5F3CF4}.Shipping|HTML5.ActiveCfg = BuiltWithUnrealBuildTool|Win32
		{90080533-A0D0-4BD9-BF75-50DDFD5F3CF4}.Shipping|HTML5.Build.0 = BuiltWithUnrealBuildTool|Win32
		{90080533-A0D0-4BD9-BF75-50DDFD5F3CF4}.Shipping|Win32.ActiveCfg = BuiltWithUnrealBuildTool|Win32
		{90080533-A0D0-4BD9-BF75-50DDFD5F3CF4}.Shipping|Win32.Build.0 = BuiltWithUnrealBuildTool|Win32
		{90080533-A0D0-4BD9-BF75-50DDFD5F3CF4}.Shipping|Win64.ActiveCfg = BuiltWithUnrealBuildTool|Win32
		{90080533-A0D0-4BD9-BF75-50DDFD5F3CF4}.Shipping|Win64.Build.0 = BuiltWithUnrealBuildTool|Win32
		{1ED69413-9296-48AE-965B-2E5E2C72543E}.DebugGame Editor|Android.ActiveCfg = Android_DebugGame_Editor|Win32
		{1ED69413-9296-48AE-965B-2E5E2C72543E}.DebugGame Editor|HTML5.ActiveCfg = HTML5_DebugGame_Editor|Win32
		{1ED69413-9296-48AE-965B-2E5E2C72543E}.DebugGame Editor|Win32.ActiveCfg = DebugGame_Editor|Win32
		{1ED69413-9296-48AE-965B-2E5E2C72543E}.DebugGame Editor|Win64.ActiveCfg = DebugGame_Editor|x64
		{1ED69413-9296-48AE-965B-2E5E2C72543E}.DebugGame Editor|Win64.Build.0 = DebugGame_Editor|x64
		{1ED69413-9296-48AE-965B-2E5E2C72543E}.DebugGame|Android.ActiveCfg = Android_DebugGame_Game|Win32
		{1ED69413-9296-48AE-965B-2E5E2C72543E}.DebugGame|Android.Build.0 = Android_DebugGame_Game|Win32
		{1ED69413-9296-48AE-965B-2E5E2C72543E}.DebugGame|HTML5.ActiveCfg = HTML5_DebugGame_Game|Win32
		{1ED69413-9296-48AE-965B-2E5E2C72543E}.DebugGame|HTML5.Build.0 = HTML5_DebugGame_Game|Win32
		{1ED69413-9296-48AE-965B-2E5E2C72543E}.DebugGame|Win32.ActiveCfg = DebugGame_Game|Win32
		{1ED69413-9296-48AE-965B-2E5E2C72543E}.DebugGame|Win32.Build.0 = DebugGame_Game|Win32
		{1ED69413-9296-48AE-965B-2E5E2C72543E}.DebugGame|Win64.ActiveCfg = DebugGame_Game|x64
		{1ED69413-9296-48AE-965B-2E5E2C72543E}.DebugGame|Win64.Build.0 = DebugGame_Game|x64
		{1ED69413-9296-48AE-965B-2E5E2C72543E}.Development Editor|Android.ActiveCfg = Android_Development_Editor|Win32
		{1ED69413-9296-48AE-965B-2E5E2C72543E}.Development Editor|HTML5.ActiveCfg = HTML5_Development_Editor|Win32
		{1ED69413-9296-48AE-965B-2E5E2C72543E}.Development Editor|Win32.ActiveCfg = Development_Editor|Win32
		{1ED69413-9296-48AE-965B-2E5E2C72543E}.Development Editor|Win64.ActiveCfg = Development_Editor|x64
		{1ED69413-9296-48AE-965B-2E5E2C72543E}.Development Editor|Win64.Build.0 = Development_Editor|x64
		{1ED69413-9296-48AE-965B-2E5E2C72543E}.Development|Android.ActiveCfg = Android_Development_Game|Win32
		{1ED69413-9296-48AE-965B-2E5E2C72543E}.Development|Android.Build.0 = Android_Development_Game|Win32
		{1ED69413-9296-48AE-965B-2E5E2C72543E}.Development|HTML5.ActiveCfg = HTML5_Development_Game|Win32
		{1ED69413-9296-48AE-965B-2E5E2C72543E}.Development|HTML5.Build.0 = HTML5_Development_Game|Win32
		{1ED69413-9296-48AE-965B-2E5E2C72543E}.Development|Win32.ActiveCfg = Development_Game|Win32
		{1ED69413-9296-48AE-965B-2E5E2C72543E}.Development|Win32.Build.0 = Development_Game|Win32
		{1ED69413-9296-48AE-965B-2E5E2C72543E}.Development|Win64.ActiveCfg = Development_Game|x64
		{1ED69413-9296-48AE-965B-2E5E2C72543E}.Development|Win64.Build.0 = Development_Game|x64
		{1ED69413-9296-48AE-965B-2E5E2C72543E}.Shipping|Android.ActiveCfg = Android_Shipping_Game|Win32
		{1ED69413-9296-48AE-965B-2E5E2C72543E}.Shipping|Android.Build.0 = Android_Shipping_Game|Win32
		{1ED69413-9296-48AE-965B-2E5E2C72543E}.Shipping|HTML5.ActiveCfg = HTML5_Shipping_Game|Win32
		{1ED69413-9296-48AE-965B-2E5E2C72543E}.Shipping|HTML5.Build.0 = HTML5_Shipping_Game|Win32
		{1ED69413-9296-48AE-965B-2E5E2C72543E}.Shipping|Win32.ActiveCfg = Shipping_Game|Win32
		{1ED69413-9296-48AE-965B-2E5E2C72543E}.Shipping|Win32.Build.0 = Shipping_Game|Win32
		{1ED69413-9296-48AE-965B-2E5E2C72543E}.Shipping|Win64.ActiveCfg = Shipping_Game|x64
		{1ED69413-9296-48AE-965B-2E5E2C72543E}.Shipping|Win64.Build.0 = Shipping_Game|x64
	EndGlobalSection
	GlobalSection(SolutionProperties) = preSolution
		HideSolutionNode = FALSE
	EndGlobalSection
	GlobalSection(NestedProjects) = preSolution
		{90080533-A0D0-4BD9-BF75-50DDFD5F3CF4} = {93CB13A7-EDDE-4C7F-AB11-255D4B132505}
		{1ED69413-9296-48AE-965B-2E5E2C72543E} = {CA194DEA-F7C3-48FB-A4AC-8FB5D8626539}
	EndGlobalSection
	GlobalSection(ExtensibilityGlobals) = postSolution
		SolutionGuid = {D31F3653-CFB1-4314-9605-ADA1D5A26EEA}
	EndGlobalSection
EndGlobal
